
Microsoft Visual Studio Solution File, Format Version 12.00
# Visual Studio Version 17
VisualStudioVersion = 17.3.32901.215
MinimumVisualStudioVersion = 10.0.40219.1
Project("{FAE04EC0-301F-11D3-BF4B-00C04F79EFBC}") = "qweqweqwe", "qweqweqwe\qweqweqwe.csproj", "{BE3EE5EE-7AF1-43BC-A9A3-3E62720A732D}"
EndProject
Global
	GlobalSection(SolutionConfigurationPlatforms) = preSolution
		Debug|Any CPU = Debug|Any CPU
		Release|Any CPU = Release|Any CPU
	EndGlobalSection
	GlobalSection(ProjectConfigurationPlatforms) = postSolution
		{BE3EE5EE-7AF1-43BC-A9A3-3E62720A732D}.Debug|Any CPU.ActiveCfg = Debug|Any CPU
		{BE3EE5EE-7AF1-43BC-A9A3-3E62720A732D}.Debug|Any CPU.Build.0 = Debug|Any CPU
		{BE3EE5EE-7AF1-43BC-A9A3-3E62720A732D}.Release|Any CPU.ActiveCfg = Release|Any CPU
		{BE3EE5EE-7AF1-43BC-A9A3-3E62720A732D}.Release|Any CPU.Build.0 = Release|Any CPU
	EndGlobalSection
	GlobalSection(SolutionProperties) = preSolution
		HideSolutionNode = FALSE
	EndGlobalSection
	GlobalSection(ExtensibilityGlobals) = postSolution
		SolutionGuid = {B87876E1-1169-495F-AA92-7E69C4C2A169}
	EndGlobalSection
EndGlobal
